
Microsoft Visual Studio Solution File, Format Version 12.00
# Visual Studio Version 16
VisualStudioVersion = 16.0.30523.141
MinimumVisualStudioVersion = 10.0.40219.1
Project("{FAE04EC0-301F-11D3-BF4B-00C04F79EFBC}") = "471 Stepanenko Lab 6", "471 Stepanenko Lab 6\471 Stepanenko Lab 6.csproj", "{DBBB6F5D-0CFA-4B17-80F9-E6429873424D}"
EndProject
Global
	GlobalSection(SolutionConfigurationPlatforms) = preSolution
		Debug|Any CPU = Debug|Any CPU
		Release|Any CPU = Release|Any CPU
	EndGlobalSection
	GlobalSection(ProjectConfigurationPlatforms) = postSolution
		{DBBB6F5D-0CFA-4B17-80F9-E6429873424D}.Debug|Any CPU.ActiveCfg = Debug|Any CPU
		{DBBB6F5D-0CFA-4B17-80F9-E6429873424D}.Debug|Any CPU.Build.0 = Debug|Any CPU
		{DBBB6F5D-0CFA-4B17-80F9-E6429873424D}.Release|Any CPU.ActiveCfg = Release|Any CPU
		{DBBB6F5D-0CFA-4B17-80F9-E6429873424D}.Release|Any CPU.Build.0 = Release|Any CPU
	EndGlobalSection
	GlobalSection(SolutionProperties) = preSolution
		HideSolutionNode = FALSE
	EndGlobalSection
	GlobalSection(ExtensibilityGlobals) = postSolution
		SolutionGuid = {0C147CEE-EC43-4582-BA76-74DD8BAADE27}
	EndGlobalSection
EndGlobal
